<?xml version="1.0" encoding="UTF-8"?>
<CodeBlocks_project_file>
	<FileVersion major="1" minor="6"/>
	<Project>
		<Option title="MasimoRoot"/>
		<Option makefile_is_custom="1"/>
		<Option compiler="gcc"/>
		<Option virtualFolders="CMake Files\;"/>
		<Build>
			<Target title="all">
				<Option working_dir="/home/parallels/CLionProjects/MasimoRoot"/>
				<Option type="4"/>
				<MakeCommands>
					<Build command="/usr/bin/make -f &quot;/home/parallels/CLionProjects/MasimoRoot/Makefile&quot;  VERBOSE=1 all"/>
					<CompileFile command="/usr/bin/make -f &quot;/home/parallels/CLionProjects/MasimoRoot/Makefile&quot;  VERBOSE=1 &quot;$file&quot;"/>
					<Clean command="/usr/bin/make -f &quot;/home/parallels/CLionProjects/MasimoRoot/Makefile&quot;  VERBOSE=1 clean"/>
					<DistClean command="/usr/bin/make -f &quot;/home/parallels/CLionProjects/MasimoRoot/Makefile&quot;  VERBOSE=1 clean"/>
				</MakeCommands>
			</Target>
			<Target title="edit_cache">
				<Option working_dir="/home/parallels/CLionProjects/MasimoRoot"/>
				<Option type="4"/>
				<MakeCommands>
					<Build command="/usr/bin/make -f &quot;/home/parallels/CLionProjects/MasimoRoot/Makefile&quot;  VERBOSE=1 edit_cache"/>
					<CompileFile command="/usr/bin/make -f &quot;/home/parallels/CLionProjects/MasimoRoot/Makefile&quot;  VERBOSE=1 &quot;$file&quot;"/>
					<Clean command="/usr/bin/make -f &quot;/home/parallels/CLionProjects/MasimoRoot/Makefile&quot;  VERBOSE=1 clean"/>
					<DistClean command="/usr/bin/make -f &quot;/home/parallels/CLionProjects/MasimoRoot/Makefile&quot;  VERBOSE=1 clean"/>
				</MakeCommands>
			</Target>
			<Target title="rebuild_cache">
				<Option working_dir="/home/parallels/CLionProjects/MasimoRoot"/>
				<Option type="4"/>
				<MakeCommands>
					<Build command="/usr/bin/make -f &quot;/home/parallels/CLionProjects/MasimoRoot/Makefile&quot;  VERBOSE=1 rebuild_cache"/>
					<CompileFile command="/usr/bin/make -f &quot;/home/parallels/CLionProjects/MasimoRoot/Makefile&quot;  VERBOSE=1 &quot;$file&quot;"/>
					<Clean command="/usr/bin/make -f &quot;/home/parallels/CLionProjects/MasimoRoot/Makefile&quot;  VERBOSE=1 clean"/>
					<DistClean command="/usr/bin/make -f &quot;/home/parallels/CLionProjects/MasimoRoot/Makefile&quot;  VERBOSE=1 clean"/>
				</MakeCommands>
			</Target>
			<Target title="MasimoRoot">
				<Option output="/home/parallels/CLionProjects/MasimoRoot/MasimoRoot" prefix_auto="0" extension_auto="0"/>
				<Option working_dir="/home/parallels/CLionProjects/MasimoRoot"/>
				<Option object_output="./"/>
				<Option type="1"/>
				<Option compiler="gcc"/>
				<Compiler/>
				<MakeCommands>
					<Build command="/usr/bin/make -f &quot;/home/parallels/CLionProjects/MasimoRoot/Makefile&quot;  VERBOSE=1 MasimoRoot"/>
					<CompileFile command="/usr/bin/make -f &quot;/home/parallels/CLionProjects/MasimoRoot/Makefile&quot;  VERBOSE=1 &quot;$file&quot;"/>
					<Clean command="/usr/bin/make -f &quot;/home/parallels/CLionProjects/MasimoRoot/Makefile&quot;  VERBOSE=1 clean"/>
					<DistClean command="/usr/bin/make -f &quot;/home/parallels/CLionProjects/MasimoRoot/Makefile&quot;  VERBOSE=1 clean"/>
				</MakeCommands>
			</Target>
			<Target title="MasimoRoot/fast">
				<Option output="/home/parallels/CLionProjects/MasimoRoot/MasimoRoot" prefix_auto="0" extension_auto="0"/>
				<Option working_dir="/home/parallels/CLionProjects/MasimoRoot"/>
				<Option object_output="./"/>
				<Option type="1"/>
				<Option compiler="gcc"/>
				<Compiler/>
				<MakeCommands>
					<Build command="/usr/bin/make -f &quot;/home/parallels/CLionProjects/MasimoRoot/Makefile&quot;  VERBOSE=1 MasimoRoot/fast"/>
					<CompileFile command="/usr/bin/make -f &quot;/home/parallels/CLionProjects/MasimoRoot/Makefile&quot;  VERBOSE=1 &quot;$file&quot;"/>
					<Clean command="/usr/bin/make -f &quot;/home/parallels/CLionProjects/MasimoRoot/Makefile&quot;  VERBOSE=1 clean"/>
					<DistClean command="/usr/bin/make -f &quot;/home/parallels/CLionProjects/MasimoRoot/Makefile&quot;  VERBOSE=1 clean"/>
				</MakeCommands>
			</Target>
		</Build>
		<Unit filename="/home/parallels/CLionProjects/MasimoRoot/IAPClient.cpp">
			<Option target="MasimoRoot"/>
		</Unit>
		<Unit filename="/home/parallels/CLionProjects/MasimoRoot/IAPClient.h">
			<Option target="MasimoRoot"/>
		</Unit>
		<Unit filename="/home/parallels/CLionProjects/MasimoRoot/IAPProtocol.cpp">
			<Option target="MasimoRoot"/>
		</Unit>
		<Unit filename="/home/parallels/CLionProjects/MasimoRoot/IAPProtocol.h">
			<Option target="MasimoRoot"/>
		</Unit>
		<Unit filename="/home/parallels/CLionProjects/MasimoRoot/Root.cpp">
			<Option target="MasimoRoot"/>
		</Unit>
		<Unit filename="/home/parallels/CLionProjects/MasimoRoot/Root.h">
			<Option target="MasimoRoot"/>
		</Unit>
		<Unit filename="/home/parallels/CLionProjects/MasimoRoot/SerialPort.cpp">
			<Option target="MasimoRoot"/>
		</Unit>
		<Unit filename="/home/parallels/CLionProjects/MasimoRoot/SerialPort.h">
			<Option target="MasimoRoot"/>
		</Unit>
		<Unit filename="/home/parallels/CLionProjects/MasimoRoot/Socket.cpp">
			<Option target="MasimoRoot"/>
		</Unit>
		<Unit filename="/home/parallels/CLionProjects/MasimoRoot/Socket.h">
			<Option target="MasimoRoot"/>
		</Unit>
		<Unit filename="/home/parallels/CLionProjects/MasimoRoot/main.cpp">
			<Option target="MasimoRoot"/>
		</Unit>
		<Unit filename="/home/parallels/CLionProjects/MasimoRoot/response_message/AckResponse.cpp">
			<Option target="MasimoRoot"/>
		</Unit>
		<Unit filename="/home/parallels/CLionProjects/MasimoRoot/response_message/AckResponse.h">
			<Option target="MasimoRoot"/>
		</Unit>
		<Unit filename="/home/parallels/CLionProjects/MasimoRoot/response_message/ChannelId.h">
			<Option target="MasimoRoot"/>
		</Unit>
		<Unit filename="/home/parallels/CLionProjects/MasimoRoot/response_message/ChannelWaveformDataResponse.cpp">
			<Option target="MasimoRoot"/>
		</Unit>
		<Unit filename="/home/parallels/CLionProjects/MasimoRoot/response_message/ChannelWaveformDataResponse.h">
			<Option target="MasimoRoot"/>
		</Unit>
		<Unit filename="/home/parallels/CLionProjects/MasimoRoot/response_message/ChannelWaveformResponse.cpp">
			<Option target="MasimoRoot"/>
		</Unit>
		<Unit filename="/home/parallels/CLionProjects/MasimoRoot/response_message/ChannelWaveformResponse.h">
			<Option target="MasimoRoot"/>
		</Unit>
		<Unit filename="/home/parallels/CLionProjects/MasimoRoot/response_message/DataGroup.h">
			<Option target="MasimoRoot"/>
		</Unit>
		<Unit filename="/home/parallels/CLionProjects/MasimoRoot/response_message/DataGroupResponse.cpp">
			<Option target="MasimoRoot"/>
		</Unit>
		<Unit filename="/home/parallels/CLionProjects/MasimoRoot/response_message/DataGroupResponse.h">
			<Option target="MasimoRoot"/>
		</Unit>
		<Unit filename="/home/parallels/CLionProjects/MasimoRoot/response_message/NakResponse.cpp">
			<Option target="MasimoRoot"/>
		</Unit>
		<Unit filename="/home/parallels/CLionProjects/MasimoRoot/response_message/NakResponse.h">
			<Option target="MasimoRoot"/>
		</Unit>
		<Unit filename="/home/parallels/CLionProjects/MasimoRoot/response_message/ProtocolRevisionResponse.cpp">
			<Option target="MasimoRoot"/>
		</Unit>
		<Unit filename="/home/parallels/CLionProjects/MasimoRoot/response_message/ProtocolRevisionResponse.h">
			<Option target="MasimoRoot"/>
		</Unit>
		<Unit filename="/home/parallels/CLionProjects/MasimoRoot/response_message/ResponseMessage.cpp">
			<Option target="MasimoRoot"/>
		</Unit>
		<Unit filename="/home/parallels/CLionProjects/MasimoRoot/response_message/ResponseMessage.h">
			<Option target="MasimoRoot"/>
		</Unit>
		<Unit filename="/home/parallels/CLionProjects/MasimoRoot/response_message/UnknownResponse.cpp">
			<Option target="MasimoRoot"/>
		</Unit>
		<Unit filename="/home/parallels/CLionProjects/MasimoRoot/response_message/UnknownResponse.h">
			<Option target="MasimoRoot"/>
		</Unit>
		<Unit filename="/home/parallels/CLionProjects/MasimoRoot/CMakeLists.txt">
			<Option virtualFolder="CMake Files\"/>
		</Unit>
	</Project>
</CodeBlocks_project_file>
